{
  "name": "lotto-claude",
  "version": "1.0.0",
  "lockfileVersion": 3,
  "requires": true,
  "packages": {
    "": {
      "name": "lotto-claude",
      "version": "1.0.0",
      "dependencies": {
        "react-to-print": "^3.3.0"
      },
      "engines": {
        "node": ">=22",
        "pnpm": ">=10"
      }
    },
    "node_modules/react-to-print": {
      "version": "3.3.0",
      "resolved": "https://registry.npmjs.org/react-to-print/-/react-to-print-3.3.0.tgz",
      "integrity": "sha512-7j9GIeNZA9glZlbv9mIbIHDOOx+WYfRMbJzh04NiSKjdaeGkxJuKjJQrtRuNKtt5AvEVVjrLCPokZ9yJX51Fvg==",
      "license": "MIT",
      "peerDependencies": {
        "react": "^16.8.0 || ^17.0.0 || ^18.0.0 || ~19"
      }
    }
  }
}
